
Microsoft Visual Studio Solution File, Format Version 12.00
# Visual Studio Version 17
VisualStudioVersion = 17.0.32112.339
MinimumVisualStudioVersion = 10.0.40219.1
Project("{FAE04EC0-301F-11D3-BF4B-00C04F79EFBC}") = "lab3", "lab3\lab3.csproj", "{EDFC0329-442C-42A3-B2D7-A98F05F2B37B}"
EndProject
Project("{FAE04EC0-301F-11D3-BF4B-00C04F79EFBC}") = "UnitTesttt", "UnitTesttt\UnitTesttt.csproj", "{19E7AB6C-9E43-41CC-9CBD-EF607F0A80AD}"
EndProject
Global
	GlobalSection(SolutionConfigurationPlatforms) = preSolution
		Debug|Any CPU = Debug|Any CPU
		Release|Any CPU = Release|Any CPU
	EndGlobalSection
	GlobalSection(ProjectConfigurationPlatforms) = postSolution
		{EDFC0329-442C-42A3-B2D7-A98F05F2B37B}.Debug|Any CPU.ActiveCfg = Debug|Any CPU
		{EDFC0329-442C-42A3-B2D7-A98F05F2B37B}.Debug|Any CPU.Build.0 = Debug|Any CPU
		{EDFC0329-442C-42A3-B2D7-A98F05F2B37B}.Release|Any CPU.ActiveCfg = Release|Any CPU
		{EDFC0329-442C-42A3-B2D7-A98F05F2B37B}.Release|Any CPU.Build.0 = Release|Any CPU
		{19E7AB6C-9E43-41CC-9CBD-EF607F0A80AD}.Debug|Any CPU.ActiveCfg = Debug|Any CPU
		{19E7AB6C-9E43-41CC-9CBD-EF607F0A80AD}.Debug|Any CPU.Build.0 = Debug|Any CPU
		{19E7AB6C-9E43-41CC-9CBD-EF607F0A80AD}.Release|Any CPU.ActiveCfg = Release|Any CPU
		{19E7AB6C-9E43-41CC-9CBD-EF607F0A80AD}.Release|Any CPU.Build.0 = Release|Any CPU
	EndGlobalSection
	GlobalSection(SolutionProperties) = preSolution
		HideSolutionNode = FALSE
	EndGlobalSection
	GlobalSection(ExtensibilityGlobals) = postSolution
		SolutionGuid = {E3B711FE-D8AD-4D4F-9F3E-5A07255E8A96}
	EndGlobalSection
EndGlobal
